<?xml version="1.0" encoding="utf-8"?>
<Project ToolsVersion="4.0" xmlns="http://schemas.microsoft.com/developer/msbuild/2003">
  <ItemGroup>
    <ClCompile Include="src\testApp.cpp">
      <Filter>src</Filter>
    </ClCompile>
    <ClCompile Include="src\main.cpp">
      <Filter>src</Filter>
    </ClCompile>
    <ClCompile Include="..\..\..\addons\ofxAssimpModelLoader\src\ofxAssimpAnimation.cpp">
      <Filter>addons\ofxAssimpModelLoader\src</Filter>
    </ClCompile>
    <ClCompile Include="..\..\..\addons\ofxAssimpModelLoader\src\ofxAssimpMeshHelper.cpp">
      <Filter>addons\ofxAssimpModelLoader\src</Filter>
    </ClCompile>
    <ClCompile Include="..\..\..\addons\ofxAssimpModelLoader\src\ofxAssimpModelLoader.cpp">
      <Filter>addons\ofxAssimpModelLoader\src</Filter>
    </ClCompile>
    <ClCompile Include="..\..\..\addons\ofxAssimpModelLoader\src\ofxAssimpTexture.cpp">
      <Filter>addons\ofxAssimpModelLoader\src</Filter>
    </ClCompile>
    <ClCompile Include="..\..\..\addons\ofxGui\src\ofxBaseGui.cpp">
      <Filter>addons\ofxGui\src</Filter>
    </ClCompile>
    <ClCompile Include="..\..\..\addons\ofxGui\src\ofxButton.cpp">
      <Filter>addons\ofxGui\src</Filter>
    </ClCompile>
    <ClCompile Include="..\..\..\addons\ofxGui\src\ofxGuiGroup.cpp">
      <Filter>addons\ofxGui\src</Filter>
    </ClCompile>
    <ClCompile Include="..\..\..\addons\ofxGui\src\ofxLabel.cpp">
      <Filter>addons\ofxGui\src</Filter>
    </ClCompile>
    <ClCompile Include="..\..\..\addons\ofxGui\src\ofxPanel.cpp">
      <Filter>addons\ofxGui\src</Filter>
    </ClCompile>
    <ClCompile Include="..\..\..\addons\ofxGui\src\ofxSlider.cpp">
      <Filter>addons\ofxGui\src</Filter>
    </ClCompile>
    <ClCompile Include="..\..\..\addons\ofxGui\src\ofxSliderGroup.cpp">
      <Filter>addons\ofxGui\src</Filter>
    </ClCompile>
    <ClCompile Include="..\..\..\addons\ofxGui\src\ofxToggle.cpp">
      <Filter>addons\ofxGui\src</Filter>
    </ClCompile>
    <ClCompile Include="src\armature.cpp">
      <Filter>src</Filter>
    </ClCompile>
    <ClCompile Include="src\cutter.cpp">
      <Filter>src</Filter>
    </ClCompile>
    <ClCompile Include="src\myobject3D.cpp">
      <Filter>src</Filter>
    </ClCompile>
    <ClCompile Include="src\slicer.cpp">
      <Filter>src</Filter>
    </ClCompile>
    <ClCompile Include="src\3DCamera.cpp">
      <Filter>src\openGL</Filter>
    </ClCompile>
    <ClCompile Include="src\Painter.cpp">
      <Filter>src\openGL</Filter>
    </ClCompile>
    <ClCompile Include="src\StdAfx.cpp">
      <Filter>src\sgCore</Filter>
    </ClCompile>
    <ClCompile Include="src\puzzle.cpp">
      <Filter>src</Filter>
    </ClCompile>
    <ClCompile Include="src\cubie.cpp">
      <Filter>src</Filter>
    </ClCompile>
    <ClCompile Include="src\matrix.cpp">
      <Filter>src</Filter>
    </ClCompile>
    <ClCompile Include="src\gui\GuiButton.cpp">
      <Filter>src\gui</Filter>
    </ClCompile>
    <ClCompile Include="src\gui\GuiConfigurator.cpp">
      <Filter>src\gui</Filter>
    </ClCompile>
    <ClCompile Include="src\gui\GuiImage.cpp">
      <Filter>src\gui</Filter>
    </ClCompile>
    <ClCompile Include="src\gui\GuiNode.cpp">
      <Filter>src\gui</Filter>
    </ClCompile>
    <ClCompile Include="src\gui\GuiSheet.cpp">
      <Filter>src\gui</Filter>
    </ClCompile>
    <ClCompile Include="src\subob\Observer.cpp">
      <Filter>src\subob</Filter>
    </ClCompile>
    <ClCompile Include="src\subob\Subject.cpp">
      <Filter>src\subob</Filter>
    </ClCompile>
    <ClCompile Include="src\subob\SubObMediator.cpp">
      <Filter>src\subob</Filter>
    </ClCompile>
    <ClCompile Include="..\..\..\addons\ofxXmlSettings\libs\tinyxml.cpp">
      <Filter>addons\ofxXmlSettings\libs</Filter>
    </ClCompile>
    <ClCompile Include="..\..\..\addons\ofxXmlSettings\libs\tinyxmlerror.cpp">
      <Filter>addons\ofxXmlSettings\libs</Filter>
    </ClCompile>
    <ClCompile Include="..\..\..\addons\ofxXmlSettings\libs\tinyxmlparser.cpp">
      <Filter>addons\ofxXmlSettings\libs</Filter>
    </ClCompile>
    <ClCompile Include="..\..\..\addons\ofxXmlSettings\src\ofxXmlSettings.cpp">
      <Filter>addons\ofxXmlSettings\src</Filter>
    </ClCompile>
    <ClCompile Include="src\gui\Utils.cpp">
      <Filter>src\gui</Filter>
    </ClCompile>
    <ClCompile Include="src\SceneManager.cpp">
      <Filter>src</Filter>
    </ClCompile>
    <ClCompile Include="src\armRotations.cpp" />
    <ClCompile Include="src\game.cpp" />
    <ClCompile Include="src\history.cpp" />
    <ClCompile Include="src\ofRender.cpp" />
    <ClCompile Include="src\gwc\GWCUtils.cpp">
      <Filter>src\gwc</Filter>
    </ClCompile>
    <ClCompile Include="src\gwc\GestureWorksCore.cpp">
      <Filter>src\gwc</Filter>
    </ClCompile>
    <ClCompile Include="src\GestureManager.cpp">
      <Filter>src</Filter>
    </ClCompile>
    <ClCompile Include="src\gui\GuiDropArea.cpp">
      <Filter>src\gui</Filter>
    </ClCompile>
    <ClCompile Include="src\gui\GuiIBox.cpp">
      <Filter>src\gui</Filter>
    </ClCompile>
    <ClCompile Include="src\subob\SubObEvent.cpp">
      <Filter>src\subob</Filter>
    </ClCompile>
    <ClCompile Include="src\ofxTrackball.cpp" />
    <ClCompile Include="src\ofxTimer.cpp">
      <Filter>src</Filter>
    </ClCompile>
  </ItemGroup>
  <ItemGroup>
    <Filter Include="src">
      <UniqueIdentifier>{d8376475-7454-4a24-b08a-aac121d3ad6f}</UniqueIdentifier>
    </Filter>
    <Filter Include="addons">
      <UniqueIdentifier>{71834F65-F3A9-211E-73B8-DC85}</UniqueIdentifier>
    </Filter>
    <Filter Include="addons\ofxAssimpModelLoader">
      <UniqueIdentifier>{DE65D9F7-840A-CD0A-A555-EA3B}</UniqueIdentifier>
    </Filter>
    <Filter Include="addons\ofxAssimpModelLoader\src">
      <UniqueIdentifier>{B84008DC-4B5E-271B-05DA-D8C8}</UniqueIdentifier>
    </Filter>
    <Filter Include="addons\ofxAssimpModelLoader\libs">
      <UniqueIdentifier>{3D854F79-FA4A-75FA-FC0A-2B25}</UniqueIdentifier>
    </Filter>
    <Filter Include="addons\ofxAssimpModelLoader\libs\assimp">
      <UniqueIdentifier>{FE8B5295-D3A7-B9CD-89C9-2613}</UniqueIdentifier>
    </Filter>
    <Filter Include="addons\ofxAssimpModelLoader\libs\assimp\include">
      <UniqueIdentifier>{EDC34C4F-5D44-FB76-337E-EE48}</UniqueIdentifier>
    </Filter>
    <Filter Include="addons\ofxAssimpModelLoader\libs\assimp\include\Compiler">
      <UniqueIdentifier>{E4500551-64E5-7412-70FA-BC1B}</UniqueIdentifier>
    </Filter>
    <Filter Include="addons\ofxGui">
      <UniqueIdentifier>{4F2A59AF-5F4E-704B-D067-EC13}</UniqueIdentifier>
    </Filter>
    <Filter Include="addons\ofxGui\src">
      <UniqueIdentifier>{645E9533-4DCD-6179-1CDF-CB65}</UniqueIdentifier>
    </Filter>
    <Filter Include="src\openGL">
      <UniqueIdentifier>{6cda48b6-eea7-4a9f-aa85-6e5e6bd25fca}</UniqueIdentifier>
    </Filter>
    <Filter Include="src\sgCore">
      <UniqueIdentifier>{c68b5e64-43d2-4657-b1ff-039ef540f84e}</UniqueIdentifier>
    </Filter>
    <Filter Include="src\subob">
      <UniqueIdentifier>{9164d26f-02d8-44b6-8e9d-0569240ae534}</UniqueIdentifier>
    </Filter>
    <Filter Include="src\gui">
      <UniqueIdentifier>{ce34ef94-7c88-4c8c-befd-717b3d2d8764}</UniqueIdentifier>
    </Filter>
    <Filter Include="addons\ofxXmlSettings">
      <UniqueIdentifier>{836362c4-1565-4203-8a6a-49017c29842b}</UniqueIdentifier>
    </Filter>
    <Filter Include="addons\ofxXmlSettings\libs">
      <UniqueIdentifier>{afa425e3-0cdb-4e1f-a204-7fd74d4c43a0}</UniqueIdentifier>
    </Filter>
    <Filter Include="addons\ofxXmlSettings\src">
      <UniqueIdentifier>{4a8e9d2e-28ca-4ed1-9cbf-ea0f07bdc01e}</UniqueIdentifier>
    </Filter>
    <Filter Include="src\gwc">
      <UniqueIdentifier>{02d788c6-5e0d-479d-abaf-15f1c475fdc6}</UniqueIdentifier>
    </Filter>
  </ItemGroup>
  <ItemGroup>
    <ClInclude Include="src\testApp.h">
      <Filter>src</Filter>
    </ClInclude>
    <ClInclude Include="..\..\..\addons\ofxAssimpModelLoader\src\ofxAssimpAnimation.h">
      <Filter>addons\ofxAssimpModelLoader\src</Filter>
    </ClInclude>
    <ClInclude Include="..\..\..\addons\ofxAssimpModelLoader\src\ofxAssimpMeshHelper.h">
      <Filter>addons\ofxAssimpModelLoader\src</Filter>
    </ClInclude>
    <ClInclude Include="..\..\..\addons\ofxAssimpModelLoader\src\ofxAssimpModelLoader.h">
      <Filter>addons\ofxAssimpModelLoader\src</Filter>
    </ClInclude>
    <ClInclude Include="..\..\..\addons\ofxAssimpModelLoader\src\ofxAssimpTexture.h">
      <Filter>addons\ofxAssimpModelLoader\src</Filter>
    </ClInclude>
    <ClInclude Include="..\..\..\addons\ofxAssimpModelLoader\src\ofxAssimpUtils.h">
      <Filter>addons\ofxAssimpModelLoader\src</Filter>
    </ClInclude>
    <ClInclude Include="..\..\..\addons\ofxAssimpModelLoader\libs\assimp\include\aiAnim.h">
      <Filter>addons\ofxAssimpModelLoader\libs\assimp\include</Filter>
    </ClInclude>
    <ClInclude Include="..\..\..\addons\ofxAssimpModelLoader\libs\assimp\include\aiAssert.h">
      <Filter>addons\ofxAssimpModelLoader\libs\assimp\include</Filter>
    </ClInclude>
    <ClInclude Include="..\..\..\addons\ofxAssimpModelLoader\libs\assimp\include\aiCamera.h">
      <Filter>addons\ofxAssimpModelLoader\libs\assimp\include</Filter>
    </ClInclude>
    <ClInclude Include="..\..\..\addons\ofxAssimpModelLoader\libs\assimp\include\aiColor4D.h">
      <Filter>addons\ofxAssimpModelLoader\libs\assimp\include</Filter>
    </ClInclude>
    <ClInclude Include="..\..\..\addons\ofxAssimpModelLoader\libs\assimp\include\aiConfig.h">
      <Filter>addons\ofxAssimpModelLoader\libs\assimp\include</Filter>
    </ClInclude>
    <ClInclude Include="..\..\..\addons\ofxAssimpModelLoader\libs\assimp\include\aiDefines.h">
      <Filter>addons\ofxAssimpModelLoader\libs\assimp\include</Filter>
    </ClInclude>
    <ClInclude Include="..\..\..\addons\ofxAssimpModelLoader\libs\assimp\include\aiFileIO.h">
      <Filter>addons\ofxAssimpModelLoader\libs\assimp\include</Filter>
    </ClInclude>
    <ClInclude Include="..\..\..\addons\ofxAssimpModelLoader\libs\assimp\include\aiLight.h">
      <Filter>addons\ofxAssimpModelLoader\libs\assimp\include</Filter>
    </ClInclude>
    <ClInclude Include="..\..\..\addons\ofxAssimpModelLoader\libs\assimp\include\aiMaterial.h">
      <Filter>addons\ofxAssimpModelLoader\libs\assimp\include</Filter>
    </ClInclude>
    <ClInclude Include="..\..\..\addons\ofxAssimpModelLoader\libs\assimp\include\aiMatrix3x3.h">
      <Filter>addons\ofxAssimpModelLoader\libs\assimp\include</Filter>
    </ClInclude>
    <ClInclude Include="..\..\..\addons\ofxAssimpModelLoader\libs\assimp\include\aiMatrix4x4.h">
      <Filter>addons\ofxAssimpModelLoader\libs\assimp\include</Filter>
    </ClInclude>
    <ClInclude Include="..\..\..\addons\ofxAssimpModelLoader\libs\assimp\include\aiMesh.h">
      <Filter>addons\ofxAssimpModelLoader\libs\assimp\include</Filter>
    </ClInclude>
    <ClInclude Include="..\..\..\addons\ofxAssimpModelLoader\libs\assimp\include\aiPostProcess.h">
      <Filter>addons\ofxAssimpModelLoader\libs\assimp\include</Filter>
    </ClInclude>
    <ClInclude Include="..\..\..\addons\ofxAssimpModelLoader\libs\assimp\include\aiQuaternion.h">
      <Filter>addons\ofxAssimpModelLoader\libs\assimp\include</Filter>
    </ClInclude>
    <ClInclude Include="..\..\..\addons\ofxAssimpModelLoader\libs\assimp\include\aiScene.h">
      <Filter>addons\ofxAssimpModelLoader\libs\assimp\include</Filter>
    </ClInclude>
    <ClInclude Include="..\..\..\addons\ofxAssimpModelLoader\libs\assimp\include\aiTexture.h">
      <Filter>addons\ofxAssimpModelLoader\libs\assimp\include</Filter>
    </ClInclude>
    <ClInclude Include="..\..\..\addons\ofxAssimpModelLoader\libs\assimp\include\aiTypes.h">
      <Filter>addons\ofxAssimpModelLoader\libs\assimp\include</Filter>
    </ClInclude>
    <ClInclude Include="..\..\..\addons\ofxAssimpModelLoader\libs\assimp\include\aiVector2D.h">
      <Filter>addons\ofxAssimpModelLoader\libs\assimp\include</Filter>
    </ClInclude>
    <ClInclude Include="..\..\..\addons\ofxAssimpModelLoader\libs\assimp\include\aiVector3D.h">
      <Filter>addons\ofxAssimpModelLoader\libs\assimp\include</Filter>
    </ClInclude>
    <ClInclude Include="..\..\..\addons\ofxAssimpModelLoader\libs\assimp\include\aiVersion.h">
      <Filter>addons\ofxAssimpModelLoader\libs\assimp\include</Filter>
    </ClInclude>
    <ClInclude Include="..\..\..\addons\ofxAssimpModelLoader\libs\assimp\include\assimp.h">
      <Filter>addons\ofxAssimpModelLoader\libs\assimp\include</Filter>
    </ClInclude>
    <ClInclude Include="..\..\..\addons\ofxAssimpModelLoader\libs\assimp\include\assimp.hpp">
      <Filter>addons\ofxAssimpModelLoader\libs\assimp\include</Filter>
    </ClInclude>
    <ClInclude Include="..\..\..\addons\ofxAssimpModelLoader\libs\assimp\include\Compiler\poppack1.h">
      <Filter>addons\ofxAssimpModelLoader\libs\assimp\include\Compiler</Filter>
    </ClInclude>
    <ClInclude Include="..\..\..\addons\ofxAssimpModelLoader\libs\assimp\include\Compiler\pushpack1.h">
      <Filter>addons\ofxAssimpModelLoader\libs\assimp\include\Compiler</Filter>
    </ClInclude>
    <ClInclude Include="..\..\..\addons\ofxAssimpModelLoader\libs\assimp\include\DefaultLogger.h">
      <Filter>addons\ofxAssimpModelLoader\libs\assimp\include</Filter>
    </ClInclude>
    <ClInclude Include="..\..\..\addons\ofxAssimpModelLoader\libs\assimp\include\IOStream.h">
      <Filter>addons\ofxAssimpModelLoader\libs\assimp\include</Filter>
    </ClInclude>
    <ClInclude Include="..\..\..\addons\ofxAssimpModelLoader\libs\assimp\include\IOSystem.h">
      <Filter>addons\ofxAssimpModelLoader\libs\assimp\include</Filter>
    </ClInclude>
    <ClInclude Include="..\..\..\addons\ofxAssimpModelLoader\libs\assimp\include\Logger.h">
      <Filter>addons\ofxAssimpModelLoader\libs\assimp\include</Filter>
    </ClInclude>
    <ClInclude Include="..\..\..\addons\ofxAssimpModelLoader\libs\assimp\include\LogStream.h">
      <Filter>addons\ofxAssimpModelLoader\libs\assimp\include</Filter>
    </ClInclude>
    <ClInclude Include="..\..\..\addons\ofxAssimpModelLoader\libs\assimp\include\NullLogger.h">
      <Filter>addons\ofxAssimpModelLoader\libs\assimp\include</Filter>
    </ClInclude>
    <ClInclude Include="..\..\..\addons\ofxAssimpModelLoader\libs\assimp\include\ProgressHandler.h">
      <Filter>addons\ofxAssimpModelLoader\libs\assimp\include</Filter>
    </ClInclude>
    <ClInclude Include="..\..\..\addons\ofxGui\src\ofxBaseGui.h">
      <Filter>addons\ofxGui\src</Filter>
    </ClInclude>
    <ClInclude Include="..\..\..\addons\ofxGui\src\ofxButton.h">
      <Filter>addons\ofxGui\src</Filter>
    </ClInclude>
    <ClInclude Include="..\..\..\addons\ofxGui\src\ofxGui.h">
      <Filter>addons\ofxGui\src</Filter>
    </ClInclude>
    <ClInclude Include="..\..\..\addons\ofxGui\src\ofxGuiGroup.h">
      <Filter>addons\ofxGui\src</Filter>
    </ClInclude>
    <ClInclude Include="..\..\..\addons\ofxGui\src\ofxLabel.h">
      <Filter>addons\ofxGui\src</Filter>
    </ClInclude>
    <ClInclude Include="..\..\..\addons\ofxGui\src\ofxPanel.h">
      <Filter>addons\ofxGui\src</Filter>
    </ClInclude>
    <ClInclude Include="..\..\..\addons\ofxGui\src\ofxSlider.h">
      <Filter>addons\ofxGui\src</Filter>
    </ClInclude>
    <ClInclude Include="..\..\..\addons\ofxGui\src\ofxSliderGroup.h">
      <Filter>addons\ofxGui\src</Filter>
    </ClInclude>
    <ClInclude Include="..\..\..\addons\ofxGui\src\ofxToggle.h">
      <Filter>addons\ofxGui\src</Filter>
    </ClInclude>
    <ClInclude Include="src\armature.h">
      <Filter>src</Filter>
    </ClInclude>
    <ClInclude Include="src\cutter.h">
      <Filter>src</Filter>
    </ClInclude>
    <ClInclude Include="src\myobject3D.h">
      <Filter>src</Filter>
    </ClInclude>
    <ClInclude Include="src\slicer.h">
      <Filter>src</Filter>
    </ClInclude>
    <ClInclude Include="src\3DCamera.h">
      <Filter>src\openGL</Filter>
    </ClInclude>
    <ClInclude Include="src\Painter.h">
      <Filter>src\openGL</Filter>
    </ClInclude>
    <ClInclude Include="src\StdAfx.h">
      <Filter>src\sgCore</Filter>
    </ClInclude>
    <ClInclude Include="src\puzzle.h">
      <Filter>src</Filter>
    </ClInclude>
    <ClInclude Include="src\cubie.h">
      <Filter>src</Filter>
    </ClInclude>
    <ClInclude Include="src\matrix.h">
      <Filter>src</Filter>
    </ClInclude>
    <ClInclude Include="src\gui\GuiButton.h">
      <Filter>src\gui</Filter>
    </ClInclude>
    <ClInclude Include="src\gui\GuiConfigurator.h">
      <Filter>src\gui</Filter>
    </ClInclude>
    <ClInclude Include="src\gui\GuiImage.h">
      <Filter>src\gui</Filter>
    </ClInclude>
    <ClInclude Include="src\gui\GuiNode.h">
      <Filter>src\gui</Filter>
    </ClInclude>
    <ClInclude Include="src\gui\GuiSheet.h">
      <Filter>src\gui</Filter>
    </ClInclude>
    <ClInclude Include="src\subob\Observer.h">
      <Filter>src\subob</Filter>
    </ClInclude>
    <ClInclude Include="src\subob\Subject.h">
      <Filter>src\subob</Filter>
    </ClInclude>
    <ClInclude Include="src\subob\SubObMediator.h">
      <Filter>src\subob</Filter>
    </ClInclude>
    <ClInclude Include="..\..\..\addons\ofxXmlSettings\libs\tinyxml.h">
      <Filter>addons\ofxXmlSettings\libs</Filter>
    </ClInclude>
    <ClInclude Include="..\..\..\addons\ofxXmlSettings\src\ofxXmlSettings.h">
      <Filter>addons\ofxXmlSettings\src</Filter>
    </ClInclude>
    <ClInclude Include="src\gui\Utils.h">
      <Filter>src\gui</Filter>
    </ClInclude>
    <ClInclude Include="src\SceneManager.h">
      <Filter>src</Filter>
    </ClInclude>
    <ClInclude Include="src\armRotations.h" />
    <ClInclude Include="src\game.h" />
    <ClInclude Include="src\history.h" />
    <ClInclude Include="src\ofRender.h" />
    <ClInclude Include="src\gwc\GWCUtils.h">
      <Filter>src\gwc</Filter>
    </ClInclude>
    <ClInclude Include="src\gwc\GestureWorksCore.h">
      <Filter>src\gwc</Filter>
    </ClInclude>
    <ClInclude Include="src\GestureManager.h">
      <Filter>src</Filter>
    </ClInclude>
    <ClInclude Include="src\gui\GuiDropArea.h">
      <Filter>src\gui</Filter>
    </ClInclude>
    <ClInclude Include="src\gui\GuiIBox.h">
      <Filter>src\gui</Filter>
    </ClInclude>
    <ClInclude Include="src\subob\SubObEvent.h">
      <Filter>src\subob</Filter>
    </ClInclude>
    <ClInclude Include="src\ofxTrackball.h" />
    <ClInclude Include="src\ofxTimer.h">
      <Filter>src</Filter>
    </ClInclude>
  </ItemGroup>
  <ItemGroup>
    <ResourceCompile Include="icon.rc" />
  </ItemGroup>
</Project>